
Microsoft Visual Studio Solution File, Format Version 12.00
# Visual Studio Version 16
VisualStudioVersion = 16.0.29609.76
MinimumVisualStudioVersion = 10.0.40219.1
Project("{9A19103F-16F7-4668-BE54-9A1E7A4F7556}") = "Sklepik", "Sklepik\Sklepik.csproj", "{D67EC914-7B5D-4DE9-B709-1927D6E7E084}"
EndProject
Project("{9A19103F-16F7-4668-BE54-9A1E7A4F7556}") = "Domain", "Domain\Domain.csproj", "{9CEB975D-2F71-4B23-AAA6-8BE690D0292A}"
EndProject
Project("{9A19103F-16F7-4668-BE54-9A1E7A4F7556}") = "DataAccess", "DataAccess\DataAccess.csproj", "{F2858BBD-4FB6-4A12-AC6A-36EE67990B0C}"
EndProject
Global
	GlobalSection(SolutionConfigurationPlatforms) = preSolution
		Debug|Any CPU = Debug|Any CPU
		Release|Any CPU = Release|Any CPU
	EndGlobalSection
	GlobalSection(ProjectConfigurationPlatforms) = postSolution
		{D67EC914-7B5D-4DE9-B709-1927D6E7E084}.Debug|Any CPU.ActiveCfg = Debug|Any CPU
		{D67EC914-7B5D-4DE9-B709-1927D6E7E084}.Debug|Any CPU.Build.0 = Debug|Any CPU
		{D67EC914-7B5D-4DE9-B709-1927D6E7E084}.Release|Any CPU.ActiveCfg = Release|Any CPU
		{D67EC914-7B5D-4DE9-B709-1927D6E7E084}.Release|Any CPU.Build.0 = Release|Any CPU
		{9CEB975D-2F71-4B23-AAA6-8BE690D0292A}.Debug|Any CPU.ActiveCfg = Debug|Any CPU
		{9CEB975D-2F71-4B23-AAA6-8BE690D0292A}.Debug|Any CPU.Build.0 = Debug|Any CPU
		{9CEB975D-2F71-4B23-AAA6-8BE690D0292A}.Release|Any CPU.ActiveCfg = Release|Any CPU
		{9CEB975D-2F71-4B23-AAA6-8BE690D0292A}.Release|Any CPU.Build.0 = Release|Any CPU
		{F2858BBD-4FB6-4A12-AC6A-36EE67990B0C}.Debug|Any CPU.ActiveCfg = Debug|Any CPU
		{F2858BBD-4FB6-4A12-AC6A-36EE67990B0C}.Debug|Any CPU.Build.0 = Debug|Any CPU
		{F2858BBD-4FB6-4A12-AC6A-36EE67990B0C}.Release|Any CPU.ActiveCfg = Release|Any CPU
		{F2858BBD-4FB6-4A12-AC6A-36EE67990B0C}.Release|Any CPU.Build.0 = Release|Any CPU
	EndGlobalSection
	GlobalSection(SolutionProperties) = preSolution
		HideSolutionNode = FALSE
	EndGlobalSection
	GlobalSection(ExtensibilityGlobals) = postSolution
		SolutionGuid = {35873BAD-69ED-4911-80E5-222F76B791E8}
	EndGlobalSection
EndGlobal
